
Microsoft Visual Studio Solution File, Format Version 12.00
# Visual Studio Version 16
VisualStudioVersion = 16.0.33927.289
MinimumVisualStudioVersion = 10.0.40219.1
Project("{2150E333-8FDC-42A3-9474-1A3956D46DE8}") = "Task0", "Task0", "{C58B4C83-6DA6-4D7E-8178-8CF897708915}"
EndProject
Project("{FAE04EC0-301F-11D3-BF4B-00C04F79EFBC}") = "Tyuiu.ShpilevayaAS.Sprint0.Task0.V0", "Tyuiu.ShpilevayaAS.Sprint0.Task0.V0\Tyuiu.ShpilevayaAS.Sprint0.Task0.V0.csproj", "{DEF96C11-E730-455F-9F6A-C20F982516C7}"
EndProject
Project("{2150E333-8FDC-42A3-9474-1A3956D46DE8}") = "Task1", "Task1", "{2FB76C38-B118-4B3E-A53F-BD2A0333E527}"
EndProject
Project("{FAE04EC0-301F-11D3-BF4B-00C04F79EFBC}") = "Tyuiu.ShpilevayaAS.Sprint0.Task1.V0", "Tyuiu.ShpilevayaAS.Sprint0.Task1.V0\Tyuiu.ShpilevayaAS.Sprint0.Task1.V0.csproj", "{3797C282-DCFF-436B-A985-D522F9D1DDD3}"
EndProject
Project("{2150E333-8FDC-42A3-9474-1A3956D46DE8}") = "Task2", "Task2", "{1989EB04-9007-46A6-A426-82A5B97E7C89}"
EndProject
Project("{FAE04EC0-301F-11D3-BF4B-00C04F79EFBC}") = "Tyuiu.ShpilevayaAS.Sprint0.Task2.V0", "Tyuiu.ShpilevayaAS.Sprint0.Task2.V0\Tyuiu.ShpilevayaAS.Sprint0.Task2.V0.csproj", "{DF257AA5-116D-4129-97C8-E9B46DD23272}"
EndProject
Project("{FAE04EC0-301F-11D3-BF4B-00C04F79EFBC}") = "Tyuiu.ShpilevayaAS.Sprint0.Task2.V0.Lib", "Tyuiu.ShpilevayaAS.Sprint0.Task2.V0.Lib\Tyuiu.ShpilevayaAS.Sprint0.Task2.V0.Lib.csproj", "{5026F4CA-EC61-45F1-975A-84F807BF7608}"
EndProject
Project("{FAE04EC0-301F-11D3-BF4B-00C04F79EFBC}") = "Tyuiu.ShpilevayaAS.Sprint0.Task2.V0.Test", "Tyuiu.ShpilevayaAS.Sprint0.Task2.V0.Test\Tyuiu.ShpilevayaAS.Sprint0.Task2.V0.Test.csproj", "{C267BACB-9938-4D72-A8AC-A878C3AF5739}"
EndProject
Project("{2150E333-8FDC-42A3-9474-1A3956D46DE8}") = "Task3", "Task3", "{80214DB5-B240-4E5A-8855-F20480EFE590}"
EndProject
Project("{FAE04EC0-301F-11D3-BF4B-00C04F79EFBC}") = "Tyuiu.ShpilevayaAS.Sprint0.Task3.V0", "Tyuiu.ShpilevayaAS.Sprint0.Task3.V0\Tyuiu.ShpilevayaAS.Sprint0.Task3.V0.csproj", "{E9F21BD5-8610-448B-B2C9-8BC198838296}"
EndProject
Project("{FAE04EC0-301F-11D3-BF4B-00C04F79EFBC}") = "Tyuiu.ShpilevayaAS.Sprint0.Task3.V0.Lib", "Tyuiu.ShpilevayaAS.Sprint0.Task3.V0.Lib\Tyuiu.ShpilevayaAS.Sprint0.Task3.V0.Lib.csproj", "{76A5AAA3-B8B4-46A6-8867-9D4F4AAAF006}"
EndProject
Project("{FAE04EC0-301F-11D3-BF4B-00C04F79EFBC}") = "Tyuiu.ShpilevayaAS.Sprint0.Task3.V0.Test", "Tyuiu.ShpilevayaAS.Sprint0.Task3.V0.Test\Tyuiu.ShpilevayaAS.Sprint0.Task3.V0.Test.csproj", "{0C4B7693-65E4-4CD5-8190-E94BF5E25851}"
EndProject
Project("{2150E333-8FDC-42A3-9474-1A3956D46DE8}") = "Task4", "Task4", "{F6E7852D-4444-442B-8AC0-6222ECD4A6B3}"
EndProject
Project("{FAE04EC0-301F-11D3-BF4B-00C04F79EFBC}") = "Tyuiu.ShpilevayaAS.Sprint0.Task4.V0", "Tyuiu.ShpilevayaAS.Sprint0.Task4.V0\Tyuiu.ShpilevayaAS.Sprint0.Task4.V0.csproj", "{B3C21F7F-2940-4511-9B5D-26C5108FA836}"
EndProject
Project("{FAE04EC0-301F-11D3-BF4B-00C04F79EFBC}") = "Tyuiu.ShpilevayaAS.Sprint0.Task4.V0.Lib", "Tyuiu.ShpilevayaAS.Sprint0.Task4.V0.Lib\Tyuiu.ShpilevayaAS.Sprint0.Task4.V0.Lib.csproj", "{EC2DAC0A-F738-4675-908F-583E65716BAA}"
EndProject
Project("{FAE04EC0-301F-11D3-BF4B-00C04F79EFBC}") = "Tyuiu.ShpilevayaAS.Sprint0.Task4.V0.Test", "Tyuiu.ShpilevayaAS.Sprint0.Task4.V0.Test\Tyuiu.ShpilevayaAS.Sprint0.Task4.V0.Test.csproj", "{B319EF70-0329-455A-A311-2D4A7CC05143}"
EndProject
Global
	GlobalSection(SolutionConfigurationPlatforms) = preSolution
		Debug|Any CPU = Debug|Any CPU
		Release|Any CPU = Release|Any CPU
	EndGlobalSection
	GlobalSection(ProjectConfigurationPlatforms) = postSolution
		{DEF96C11-E730-455F-9F6A-C20F982516C7}.Debug|Any CPU.ActiveCfg = Debug|Any CPU
		{DEF96C11-E730-455F-9F6A-C20F982516C7}.Debug|Any CPU.Build.0 = Debug|Any CPU
		{DEF96C11-E730-455F-9F6A-C20F982516C7}.Release|Any CPU.ActiveCfg = Release|Any CPU
		{DEF96C11-E730-455F-9F6A-C20F982516C7}.Release|Any CPU.Build.0 = Release|Any CPU
		{3797C282-DCFF-436B-A985-D522F9D1DDD3}.Debug|Any CPU.ActiveCfg = Debug|Any CPU
		{3797C282-DCFF-436B-A985-D522F9D1DDD3}.Debug|Any CPU.Build.0 = Debug|Any CPU
		{3797C282-DCFF-436B-A985-D522F9D1DDD3}.Release|Any CPU.ActiveCfg = Release|Any CPU
		{3797C282-DCFF-436B-A985-D522F9D1DDD3}.Release|Any CPU.Build.0 = Release|Any CPU
		{DF257AA5-116D-4129-97C8-E9B46DD23272}.Debug|Any CPU.ActiveCfg = Debug|Any CPU
		{DF257AA5-116D-4129-97C8-E9B46DD23272}.Debug|Any CPU.Build.0 = Debug|Any CPU
		{DF257AA5-116D-4129-97C8-E9B46DD23272}.Release|Any CPU.ActiveCfg = Release|Any CPU
		{DF257AA5-116D-4129-97C8-E9B46DD23272}.Release|Any CPU.Build.0 = Release|Any CPU
		{5026F4CA-EC61-45F1-975A-84F807BF7608}.Debug|Any CPU.ActiveCfg = Debug|Any CPU
		{5026F4CA-EC61-45F1-975A-84F807BF7608}.Debug|Any CPU.Build.0 = Debug|Any CPU
		{5026F4CA-EC61-45F1-975A-84F807BF7608}.Release|Any CPU.ActiveCfg = Release|Any CPU
		{5026F4CA-EC61-45F1-975A-84F807BF7608}.Release|Any CPU.Build.0 = Release|Any CPU
		{C267BACB-9938-4D72-A8AC-A878C3AF5739}.Debug|Any CPU.ActiveCfg = Debug|Any CPU
		{C267BACB-9938-4D72-A8AC-A878C3AF5739}.Debug|Any CPU.Build.0 = Debug|Any CPU
		{C267BACB-9938-4D72-A8AC-A878C3AF5739}.Release|Any CPU.ActiveCfg = Release|Any CPU
		{C267BACB-9938-4D72-A8AC-A878C3AF5739}.Release|Any CPU.Build.0 = Release|Any CPU
		{E9F21BD5-8610-448B-B2C9-8BC198838296}.Debug|Any CPU.ActiveCfg = Debug|Any CPU
		{E9F21BD5-8610-448B-B2C9-8BC198838296}.Debug|Any CPU.Build.0 = Debug|Any CPU
		{E9F21BD5-8610-448B-B2C9-8BC198838296}.Release|Any CPU.ActiveCfg = Release|Any CPU
		{E9F21BD5-8610-448B-B2C9-8BC198838296}.Release|Any CPU.Build.0 = Release|Any CPU
		{76A5AAA3-B8B4-46A6-8867-9D4F4AAAF006}.Debug|Any CPU.ActiveCfg = Debug|Any CPU
		{76A5AAA3-B8B4-46A6-8867-9D4F4AAAF006}.Debug|Any CPU.Build.0 = Debug|Any CPU
		{76A5AAA3-B8B4-46A6-8867-9D4F4AAAF006}.Release|Any CPU.ActiveCfg = Release|Any CPU
		{76A5AAA3-B8B4-46A6-8867-9D4F4AAAF006}.Release|Any CPU.Build.0 = Release|Any CPU
		{0C4B7693-65E4-4CD5-8190-E94BF5E25851}.Debug|Any CPU.ActiveCfg = Debug|Any CPU
		{0C4B7693-65E4-4CD5-8190-E94BF5E25851}.Debug|Any CPU.Build.0 = Debug|Any CPU
		{0C4B7693-65E4-4CD5-8190-E94BF5E25851}.Release|Any CPU.ActiveCfg = Release|Any CPU
		{0C4B7693-65E4-4CD5-8190-E94BF5E25851}.Release|Any CPU.Build.0 = Release|Any CPU
		{B3C21F7F-2940-4511-9B5D-26C5108FA836}.Debug|Any CPU.ActiveCfg = Debug|Any CPU
		{B3C21F7F-2940-4511-9B5D-26C5108FA836}.Debug|Any CPU.Build.0 = Debug|Any CPU
		{B3C21F7F-2940-4511-9B5D-26C5108FA836}.Release|Any CPU.ActiveCfg = Release|Any CPU
		{B3C21F7F-2940-4511-9B5D-26C5108FA836}.Release|Any CPU.Build.0 = Release|Any CPU
		{EC2DAC0A-F738-4675-908F-583E65716BAA}.Debug|Any CPU.ActiveCfg = Debug|Any CPU
		{EC2DAC0A-F738-4675-908F-583E65716BAA}.Debug|Any CPU.Build.0 = Debug|Any CPU
		{EC2DAC0A-F738-4675-908F-583E65716BAA}.Release|Any CPU.ActiveCfg = Release|Any CPU
		{EC2DAC0A-F738-4675-908F-583E65716BAA}.Release|Any CPU.Build.0 = Release|Any CPU
		{B319EF70-0329-455A-A311-2D4A7CC05143}.Debug|Any CPU.ActiveCfg = Debug|Any CPU
		{B319EF70-0329-455A-A311-2D4A7CC05143}.Debug|Any CPU.Build.0 = Debug|Any CPU
		{B319EF70-0329-455A-A311-2D4A7CC05143}.Release|Any CPU.ActiveCfg = Release|Any CPU
		{B319EF70-0329-455A-A311-2D4A7CC05143}.Release|Any CPU.Build.0 = Release|Any CPU
	EndGlobalSection
	GlobalSection(SolutionProperties) = preSolution
		HideSolutionNode = FALSE
	EndGlobalSection
	GlobalSection(NestedProjects) = preSolution
		{DEF96C11-E730-455F-9F6A-C20F982516C7} = {C58B4C83-6DA6-4D7E-8178-8CF897708915}
		{3797C282-DCFF-436B-A985-D522F9D1DDD3} = {2FB76C38-B118-4B3E-A53F-BD2A0333E527}
		{DF257AA5-116D-4129-97C8-E9B46DD23272} = {1989EB04-9007-46A6-A426-82A5B97E7C89}
		{5026F4CA-EC61-45F1-975A-84F807BF7608} = {1989EB04-9007-46A6-A426-82A5B97E7C89}
		{C267BACB-9938-4D72-A8AC-A878C3AF5739} = {1989EB04-9007-46A6-A426-82A5B97E7C89}
		{E9F21BD5-8610-448B-B2C9-8BC198838296} = {80214DB5-B240-4E5A-8855-F20480EFE590}
		{76A5AAA3-B8B4-46A6-8867-9D4F4AAAF006} = {80214DB5-B240-4E5A-8855-F20480EFE590}
		{0C4B7693-65E4-4CD5-8190-E94BF5E25851} = {80214DB5-B240-4E5A-8855-F20480EFE590}
		{B3C21F7F-2940-4511-9B5D-26C5108FA836} = {F6E7852D-4444-442B-8AC0-6222ECD4A6B3}
		{EC2DAC0A-F738-4675-908F-583E65716BAA} = {F6E7852D-4444-442B-8AC0-6222ECD4A6B3}
		{B319EF70-0329-455A-A311-2D4A7CC05143} = {F6E7852D-4444-442B-8AC0-6222ECD4A6B3}
	EndGlobalSection
	GlobalSection(ExtensibilityGlobals) = postSolution
		SolutionGuid = {4BAD95F3-AEB9-40BA-8F83-8762CBF4A66C}
	EndGlobalSection
EndGlobal
